Microsoft Visual Studio Solution File, Format Version 12.00
# Visual Studio 15
VisualStudioVersion = 15.0.26124.0
MinimumVisualStudioVersion = 15.0.26124.0
Project("{9A19103F-16F7-4668-BE54-9A1E7A4F7556}") = "PrimeService", "PrimeService\PrimeService.csproj", "{4AC23A36-4894-4051-9A1E-F566C401DAB8}"
EndProject
Project("{9A19103F-16F7-4668-BE54-9A1E7A4F7556}") = "PrimeService.Tests", "PrimeService.Tests\PrimeService.Tests.csproj", "{7532CDE6-780F-46F3-AFE4-240014845E38}"
EndProject
Global
	GlobalSection(SolutionConfigurationPlatforms) = preSolution
		Debug|Any CPU = Debug|Any CPU
		Debug|x64 = Debug|x64
		Debug|x86 = Debug|x86
		Release|Any CPU = Release|Any CPU
		Release|x64 = Release|x64
		Release|x86 = Release|x86
	EndGlobalSection
	GlobalSection(ProjectConfigurationPlatforms) = postSolution
		{4AC23A36-4894-4051-9A1E-F566C401DAB8}.Debug|Any CPU.ActiveCfg = Debug|Any CPU
		{4AC23A36-4894-4051-9A1E-F566C401DAB8}.Debug|Any CPU.Build.0 = Debug|Any CPU
		{4AC23A36-4894-4051-9A1E-F566C401DAB8}.Debug|x64.ActiveCfg = Debug|Any CPU
		{4AC23A36-4894-4051-9A1E-F566C401DAB8}.Debug|x64.Build.0 = Debug|Any CPU
		{4AC23A36-4894-4051-9A1E-F566C401DAB8}.Debug|x86.ActiveCfg = Debug|Any CPU
		{4AC23A36-4894-4051-9A1E-F566C401DAB8}.Debug|x86.Build.0 = Debug|Any CPU
		{4AC23A36-4894-4051-9A1E-F566C401DAB8}.Release|Any CPU.ActiveCfg = Release|Any CPU
		{4AC23A36-4894-4051-9A1E-F566C401DAB8}.Release|Any CPU.Build.0 = Release|Any CPU
		{4AC23A36-4894-4051-9A1E-F566C401DAB8}.Release|x64.ActiveCfg = Release|Any CPU
		{4AC23A36-4894-4051-9A1E-F566C401DAB8}.Release|x64.Build.0 = Release|Any CPU
		{4AC23A36-4894-4051-9A1E-F566C401DAB8}.Release|x86.ActiveCfg = Release|Any CPU
		{4AC23A36-4894-4051-9A1E-F566C401DAB8}.Release|x86.Build.0 = Release|Any CPU
		{7532CDE6-780F-46F3-AFE4-240014845E38}.Debug|Any CPU.ActiveCfg = Debug|Any CPU
		{7532CDE6-780F-46F3-AFE4-240014845E38}.Debug|Any CPU.Build.0 = Debug|Any CPU
		{7532CDE6-780F-46F3-AFE4-240014845E38}.Debug|x64.ActiveCfg = Debug|Any CPU
		{7532CDE6-780F-46F3-AFE4-240014845E38}.Debug|x64.Build.0 = Debug|Any CPU
		{7532CDE6-780F-46F3-AFE4-240014845E38}.Debug|x86.ActiveCfg = Debug|Any CPU
		{7532CDE6-780F-46F3-AFE4-240014845E38}.Debug|x86.Build.0 = Debug|Any CPU
		{7532CDE6-780F-46F3-AFE4-240014845E38}.Release|Any CPU.ActiveCfg = Release|Any CPU
		{7532CDE6-780F-46F3-AFE4-240014845E38}.Release|Any CPU.Build.0 = Release|Any CPU
		{7532CDE6-780F-46F3-AFE4-240014845E38}.Release|x64.ActiveCfg = Release|Any CPU
		{7532CDE6-780F-46F3-AFE4-240014845E38}.Release|x64.Build.0 = Release|Any CPU
		{7532CDE6-780F-46F3-AFE4-240014845E38}.Release|x86.ActiveCfg = Release|Any CPU
		{7532CDE6-780F-46F3-AFE4-240014845E38}.Release|x86.Build.0 = Release|Any CPU
	EndGlobalSection
	GlobalSection(SolutionProperties) = preSolution
		HideSolutionNode = FALSE
	EndGlobalSection
	GlobalSection(ExtensibilityGlobals) = postSolution
		SolutionGuid = {3FBB8DB8-E177-497D-9C69-E281D3C6D7A7}
	EndGlobalSection
EndGlobal
